
Microsoft Visual Studio Solution File, Format Version 12.00
# Visual Studio Version 17
VisualStudioVersion = 17.3.32929.385
MinimumVisualStudioVersion = 10.0.40219.1
Project("{FAE04EC0-301F-11D3-BF4B-00C04F79EFBC}") = "Maxim.DAL", "Maxim.DAL\Maxim.DAL.csproj", "{65BD2ADD-3989-4C32-874B-2F71A234C07E}"
EndProject
Project("{FAE04EC0-301F-11D3-BF4B-00C04F79EFBC}") = "Maxim.Business", "Maxim.Business\Maxim.Business.csproj", "{28C20463-1763-460F-8FBC-B6291DA67A15}"
EndProject
Project("{FAE04EC0-301F-11D3-BF4B-00C04F79EFBC}") = "Maxim.Core", "Maxim.Core\Maxim.Core.csproj", "{B6F392F3-B057-4B58-B8A1-72765D462D6A}"
EndProject
Project("{FAE04EC0-301F-11D3-BF4B-00C04F79EFBC}") = "Maxim.MVC", "Maxim.MVC\Maxim.MVC.csproj", "{0E142F04-1895-4C76-A264-A633550FB1B2}"
EndProject
Global
	GlobalSection(SolutionConfigurationPlatforms) = preSolution
		Debug|Any CPU = Debug|Any CPU
		Release|Any CPU = Release|Any CPU
	EndGlobalSection
	GlobalSection(ProjectConfigurationPlatforms) = postSolution
		{65BD2ADD-3989-4C32-874B-2F71A234C07E}.Debug|Any CPU.ActiveCfg = Debug|Any CPU
		{65BD2ADD-3989-4C32-874B-2F71A234C07E}.Debug|Any CPU.Build.0 = Debug|Any CPU
		{65BD2ADD-3989-4C32-874B-2F71A234C07E}.Release|Any CPU.ActiveCfg = Release|Any CPU
		{65BD2ADD-3989-4C32-874B-2F71A234C07E}.Release|Any CPU.Build.0 = Release|Any CPU
		{28C20463-1763-460F-8FBC-B6291DA67A15}.Debug|Any CPU.ActiveCfg = Debug|Any CPU
		{28C20463-1763-460F-8FBC-B6291DA67A15}.Debug|Any CPU.Build.0 = Debug|Any CPU
		{28C20463-1763-460F-8FBC-B6291DA67A15}.Release|Any CPU.ActiveCfg = Release|Any CPU
		{28C20463-1763-460F-8FBC-B6291DA67A15}.Release|Any CPU.Build.0 = Release|Any CPU
		{B6F392F3-B057-4B58-B8A1-72765D462D6A}.Debug|Any CPU.ActiveCfg = Debug|Any CPU
		{B6F392F3-B057-4B58-B8A1-72765D462D6A}.Debug|Any CPU.Build.0 = Debug|Any CPU
		{B6F392F3-B057-4B58-B8A1-72765D462D6A}.Release|Any CPU.ActiveCfg = Release|Any CPU
		{B6F392F3-B057-4B58-B8A1-72765D462D6A}.Release|Any CPU.Build.0 = Release|Any CPU
		{0E142F04-1895-4C76-A264-A633550FB1B2}.Debug|Any CPU.ActiveCfg = Debug|Any CPU
		{0E142F04-1895-4C76-A264-A633550FB1B2}.Debug|Any CPU.Build.0 = Debug|Any CPU
		{0E142F04-1895-4C76-A264-A633550FB1B2}.Release|Any CPU.ActiveCfg = Release|Any CPU
		{0E142F04-1895-4C76-A264-A633550FB1B2}.Release|Any CPU.Build.0 = Release|Any CPU
	EndGlobalSection
	GlobalSection(SolutionProperties) = preSolution
		HideSolutionNode = FALSE
	EndGlobalSection
	GlobalSection(ExtensibilityGlobals) = postSolution
		SolutionGuid = {E9189777-AC0F-4A3B-A26A-85D228E5D574}
	EndGlobalSection
EndGlobal
